# THIS IS AN AUTOGENERATED FILE. DO NOT EDIT THIS FILE DIRECTLY.
# yarn lockfile v1


cities.json@^1.1.5:
  version "1.1.5"
  resolved "https://registry.yarnpkg.com/cities.json/-/cities.json-1.1.5.tgz#bd82fd19f67e8f7a9735b0e9c1c45d050c2bfe73"
  integrity sha512-BKge3FmYfYOtN3tBaLfN9QvB7M5dDyjen3aFOn6XwgNASvLDhWTJazAtCvbpDWlpM6YWZXh4TUTsgxOn/n6MbA==

countries-list@^2.4.2:
  version "2.4.2"
  resolved "https://registry.yarnpkg.com/countries-list/-/countries-list-2.4.2.tgz#16d34de32ebd12b4f057ca4f6ee5e22fc6069f65"
  integrity sha512-U8Hlh7L7ipmkCV53sukl7xI1fbwsfoKzvWEuyNSKFHVIDnG/uWmsUnhhKTlG8v4n2FfADhm+bYe1ia53c+J7lw==

faker@^4.1.0:
  version "4.1.0"
  resolved "https://registry.yarnpkg.com/faker/-/faker-4.1.0.tgz#1e45bbbecc6774b3c195fad2835109c6d748cc3f"
  integrity sha1-HkW7vsxndLPBlfrSg1EJxtdIzD8=

fs@^0.0.1-security:
  version "0.0.1-security"
  resolved "https://registry.yarnpkg.com/fs/-/fs-0.0.1-security.tgz#8a7bd37186b6dddf3813f23858b57ecaaf5e41d4"
  integrity sha1-invTcYa23d84E/I4WLV+yq9eQdQ=

graceful-fs@^4.1.15:
  version "4.1.15"
  resolved "https://registry.yarnpkg.com/graceful-fs/-/graceful-fs-4.1.15.tgz#ffb703e1066e8a0eeaa4c8b80ba9253eeefbfb00"
  integrity sha512-6uHUhOPEBgQ24HM+r6b/QwWfZq+yiFcipKFrOFiBEnWdy5sdzYoi+pJeQaPI5qOLRFqWmAXUPQNsielzdLoecA==
